
Microsoft Visual Studio Solution File, Format Version 12.00
# Visual Studio Version 17
VisualStudioVersion = 17.5.33627.172
MinimumVisualStudioVersion = 10.0.40219.1
Project("{FAE04EC0-301F-11D3-BF4B-00C04F79EFBC}") = "AntiAFK", "AntiAFK\AntiAFK.csproj", "{57CD4D5F-4659-494E-AA62-B2086B692394}"
EndProject
Global
	GlobalSection(SolutionConfigurationPlatforms) = preSolution
		Debug|Any CPU = Debug|Any CPU
		Release|Any CPU = Release|Any CPU
	EndGlobalSection
	GlobalSection(ProjectConfigurationPlatforms) = postSolution
		{57CD4D5F-4659-494E-AA62-B2086B692394}.Debug|Any CPU.ActiveCfg = Debug|Any CPU
		{57CD4D5F-4659-494E-AA62-B2086B692394}.Debug|Any CPU.Build.0 = Debug|Any CPU
		{57CD4D5F-4659-494E-AA62-B2086B692394}.Release|Any CPU.ActiveCfg = Release|Any CPU
		{57CD4D5F-4659-494E-AA62-B2086B692394}.Release|Any CPU.Build.0 = Release|Any CPU
	EndGlobalSection
	GlobalSection(SolutionProperties) = preSolution
		HideSolutionNode = FALSE
	EndGlobalSection
	GlobalSection(ExtensibilityGlobals) = postSolution
		SolutionGuid = {214974ED-7F5C-40A4-8927-B428DA94B063}
	EndGlobalSection
EndGlobal
